// !$*UTF8*$!
{
	archiveVersion = 1;
	classes = {
	};
	objectVersion = 50;
	objects = {

/* Begin PBXBuildFile section */
		44035F662663E23300C810F3 /* AppDelegate.swift in Sources */ = {isa = PBXBuildFile; fileRef = 44035F652663E23300C810F3 /* AppDelegate.swift */; };
		44035F682663E23300C810F3 /* SceneDelegate.swift in Sources */ = {isa = PBXBuildFile; fileRef = 44035F672663E23300C810F3 /* SceneDelegate.swift */; };
		44035F6A2663E23300C810F3 /* ViewController.swift in Sources */ = {isa = PBXBuildFile; fileRef = 44035F692663E23300C810F3 /* ViewController.swift */; };
		44035F6D2663E23300C810F3 /* Main.storyboard in Resources */ = {isa = PBXBuildFile; fileRef = 44035F6B2663E23300C810F3 /* Main.storyboard */; };
		44035F6F2663E23400C810F3 /* Assets.xcassets in Resources */ = {isa = PBXBuildFile; fileRef = 44035F6E2663E23400C810F3 /* Assets.xcassets */; };
		44035F722663E23400C810F3 /* LaunchScreen.storyboard in Resources */ = {isa = PBXBuildFile; fileRef = 44035F702663E23400C810F3 /* LaunchScreen.storyboard */; };
		447EF6FA2663E45E0020B58B /* CalendarDateCollectionViewCell.swift in Sources */ = {isa = PBXBuildFile; fileRef = 447EF6F92663E45E0020B58B /* CalendarDateCollectionViewCell.swift */; };
		447EF6FC2663E4640020B58B /* CalendarPickerFooterView.swift in Sources */ = {isa = PBXBuildFile; fileRef = 447EF6FB2663E4640020B58B /* CalendarPickerFooterView.swift */; };
		447EF6FE2663E4670020B58B /* CalendarPickerHeaderView.swift in Sources */ = {isa = PBXBuildFile; fileRef = 447EF6FD2663E4670020B58B /* CalendarPickerHeaderView.swift */; };
		447EF7002663E46B0020B58B /* CalendarPickerViewController.swift in Sources */ = {isa = PBXBuildFile; fileRef = 447EF6FF2663E46B0020B58B /* CalendarPickerViewController.swift */; };
		447EF7022663E4D90020B58B /* Day.swift in Sources */ = {isa = PBXBuildFile; fileRef = 447EF7012663E4D90020B58B /* Day.swift */; };
		447EF7042663E4E40020B58B /* MonthMetadata.swift in Sources */ = {isa = PBXBuildFile; fileRef = 447EF7032663E4E40020B58B /* MonthMetadata.swift */; };
		BE3C831B4861D5196A4DA49F /* Pods_CalendarTest.framework in Frameworks */ = {isa = PBXBuildFile; fileRef = 7527C5D191E756BE5E537618 /* Pods_CalendarTest.framework */; };
/* End PBXBuildFile section */

/* Begin PBXFileReference section */
		1A9F9905E70C5ECD77A604B4 /* Pods-CalendarTest.debug.xcconfig */ = {isa = PBXFileReference; includeInIndex = 1; lastKnownFileType = text.xcconfig; name = "Pods-CalendarTest.debug.xcconfig"; path = "Target Support Files/Pods-CalendarTest/Pods-CalendarTest.debug.xcconfig"; sourceTree = "<group>"; };
		44035F622663E23300C810F3 /* CalendarTest.app */ = {isa = PBXFileReference; explicitFileType = wrapper.application; includeInIndex = 0; path = CalendarTest.app; sourceTree = BUILT_PRODUCTS_DIR; };
		44035F652663E23300C810F3 /* AppDelegate.swift */ = {isa = PBXFileReference; lastKnownFileType = sourcecode.swift; path = AppDelegate.swift; sourceTree = "<group>"; };
		44035F672663E23300C810F3 /* SceneDelegate.swift */ = {isa = PBXFileReference; lastKnownFileType = sourcecode.swift; path = SceneDelegate.swift; sourceTree = "<group>"; };
		44035F692663E23300C810F3 /* ViewController.swift */ = {isa = PBXFileReference; lastKnownFileType = sourcecode.swift; path = ViewController.swift; sourceTree = "<group>"; };
		44035F6C2663E23300C810F3 /* Base */ = {isa = PBXFileReference; lastKnownFileType = file.storyboard; name = Base; path = Base.lproj/Main.storyboard; sourceTree = "<group>"; };
		44035F6E2663E23400C810F3 /* Assets.xcassets */ = {isa = PBXFileReference; lastKnownFileType = folder.assetcatalog; path = Assets.xcassets; sourceTree = "<group>"; };
		44035F712663E23400C810F3 /* Base */ = {isa = PBXFileReference; lastKnownFileType = file.storyboard; name = Base; path = Base.lproj/LaunchScreen.storyboard; sourceTree = "<group>"; };
		44035F732663E23400C810F3 /* Info.plist */ = {isa = PBXFileReference; lastKnownFileType = text.plist.xml; path = Info.plist; sourceTree = "<group>"; };
		447EF6F92663E45E0020B58B /* CalendarDateCollectionViewCell.swift */ = {isa = PBXFileReference; lastKnownFileType = sourcecode.swift; path = CalendarDateCollectionViewCell.swift; sourceTree = "<group>"; };
		447EF6FB2663E4640020B58B /* CalendarPickerFooterView.swift */ = {isa = PBXFileReference; lastKnownFileType = sourcecode.swift; path = CalendarPickerFooterView.swift; sourceTree = "<group>"; };
		447EF6FD2663E4670020B58B /* CalendarPickerHeaderView.swift */ = {isa = PBXFileReference; lastKnownFileType = sourcecode.swift; path = CalendarPickerHeaderView.swift; sourceTree = "<group>"; };
		447EF6FF2663E46B0020B58B /* CalendarPickerViewController.swift */ = {isa = PBXFileReference; lastKnownFileType = sourcecode.swift; path = CalendarPickerViewController.swift; sourceTree = "<group>"; };
		447EF7012663E4D90020B58B /* Day.swift */ = {isa = PBXFileReference; fileEncoding = 4; lastKnownFileType = sourcecode.swift; path = Day.swift; sourceTree = "<group>"; };
		447EF7032663E4E40020B58B /* MonthMetadata.swift */ = {isa = PBXFileReference; fileEncoding = 4; lastKnownFileType = sourcecode.swift; path = MonthMetadata.swift; sourceTree = "<group>"; };
		7527C5D191E756BE5E537618 /* Pods_CalendarTest.framework */ = {isa = PBXFileReference; explicitFileType = wrapper.framework; includeInIndex = 0; path = Pods_CalendarTest.framework; sourceTree = BUILT_PRODUCTS_DIR; };
		C32CA9C5901F356D50B473A3 /* Pods-CalendarTest.release.xcconfig */ = {isa = PBXFileReference; includeInIndex = 1; lastKnownFileType = text.xcconfig; name = "Pods-CalendarTest.release.xcconfig"; path = "Target Support Files/Pods-CalendarTest/Pods-CalendarTest.release.xcconfig"; sourceTree = "<group>"; };
/* End PBXFileReference section */

/* Begin PBXFrameworksBuildPhase section */
		44035F5F2663E23300C810F3 /* Frameworks */ = {
			isa = PBXFrameworksBuildPhase;
			buildActionMask = 2147483647;
			files = (
				BE3C831B4861D5196A4DA49F /* Pods_CalendarTest.framework in Frameworks */,
			);
			runOnlyForDeploymentPostprocessing = 0;
		};
/* End PBXFrameworksBuildPhase section */

/* Begin PBXGroup section */
		44035F592663E23300C810F3 = {
			isa = PBXGroup;
			children = (
				44035F642663E23300C810F3 /* CalendarTest */,
				44035F632663E23300C810F3 /* Products */,
				601F9D6B9B99AAEBD8EB0C5D /* Pods */,
				979D2BBC730332301AB55E37 /* Frameworks */,
			);
			sourceTree = "<group>";
		};
		44035F632663E23300C810F3 /* Products */ = {
			isa = PBXGroup;
			children = (
				44035F622663E23300C810F3 /* CalendarTest.app */,
			);
			name = Products;
			sourceTree = "<group>";
		};
		44035F642663E23300C810F3 /* CalendarTest */ = {
			isa = PBXGroup;
			children = (
				44035F652663E23300C810F3 /* AppDelegate.swift */,
				44035F672663E23300C810F3 /* SceneDelegate.swift */,
				44035F692663E23300C810F3 /* ViewController.swift */,
				44035F6B2663E23300C810F3 /* Main.storyboard */,
				44035F6E2663E23400C810F3 /* Assets.xcassets */,
				44035F702663E23400C810F3 /* LaunchScreen.storyboard */,
				44035F732663E23400C810F3 /* Info.plist */,
				447EF7052663E6350020B58B /* RW_Cal */,
			);
			path = CalendarTest;
			sourceTree = "<group>";
		};
		447EF7052663E6350020B58B /* RW_Cal */ = {
			isa = PBXGroup;
			children = (
				447EF7032663E4E40020B58B /* MonthMetadata.swift */,
				447EF7012663E4D90020B58B /* Day.swift */,
				447EF6F92663E45E0020B58B /* CalendarDateCollectionViewCell.swift */,
				447EF6FB2663E4640020B58B /* CalendarPickerFooterView.swift */,
				447EF6FD2663E4670020B58B /* CalendarPickerHeaderView.swift */,
				447EF6FF2663E46B0020B58B /* CalendarPickerViewController.swift */,
			);
			path = RW_Cal;
			sourceTree = "<group>";
		};
		601F9D6B9B99AAEBD8EB0C5D /* Pods */ = {
			isa = PBXGroup;
			children = (
				1A9F9905E70C5ECD77A604B4 /* Pods-CalendarTest.debug.xcconfig */,
				C32CA9C5901F356D50B473A3 /* Pods-CalendarTest.release.xcconfig */,
			);
			name = Pods;
			path = Pods;
			sourceTree = "<group>";
		};
		979D2BBC730332301AB55E37 /* Frameworks */ = {
			isa = PBXGroup;
			children = (
				7527C5D191E756BE5E537618 /* Pods_CalendarTest.framework */,
			);
			name = Frameworks;
			sourceTree = "<group>";
		};
/* End PBXGroup section */

/* Begin PBXNativeTarget section */
		44035F612663E23300C810F3 /* CalendarTest */ = {
			isa = PBXNativeTarget;
			buildConfigurationList = 44035F762663E23400C810F3 /* Build configuration list for PBXNativeTarget "CalendarTest" */;
			buildPhases = (
				974EBAD02F3F98222B074613 /* [CP] Check Pods Manifest.lock */,
				44035F5E2663E23300C810F3 /* Sources */,
				44035F5F2663E23300C810F3 /* Frameworks */,
				44035F602663E23300C810F3 /* Resources */,
				393D668DBD071BDDF73F5E6A /* [CP] Embed Pods Frameworks */,
			);
			buildRules = (
			);
			dependencies = (
			);
			name = CalendarTest;
			productName = CalendarTest;
			productReference = 44035F622663E23300C810F3 /* CalendarTest.app */;
			productType = "com.apple.product-type.application";
		};
/* End PBXNativeTarget section */

/* Begin PBXProject section */
		44035F5A2663E23300C810F3 /* Project object */ = {
			isa = PBXProject;
			attributes = {
				LastSwiftUpdateCheck = 1250;
				LastUpgradeCheck = 1250;
				TargetAttributes = {
					44035F612663E23300C810F3 = {
						CreatedOnToolsVersion = 12.5;
					};
				};
			};
			buildConfigurationList = 44035F5D2663E23300C810F3 /* Build configuration list for PBXProject "CalendarTest" */;
			compatibilityVersion = "Xcode 9.3";
			developmentRegion = en;
			hasScannedForEncodings = 0;
			knownRegions = (
				en,
				Base,
			);
			mainGroup = 44035F592663E23300C810F3;
			productRefGroup = 44035F632663E23300C810F3 /* Products */;
			projectDirPath = "";
			projectRoot = "";
			targets = (
				44035F612663E23300C810F3 /* CalendarTest */,
			);
		};
/* End PBXProject section */

/* Begin PBXResourcesBuildPhase section */
		44035F602663E23300C810F3 /* Resources */ = {
			isa = PBXResourcesBuildPhase;
			buildActionMask = 2147483647;
			files = (
				44035F722663E23400C810F3 /* LaunchScreen.storyboard in Resources */,
				44035F6F2663E23400C810F3 /* Assets.xcassets in Resources */,
				44035F6D2663E23300C810F3 /* Main.storyboard in Resources */,
			);
			runOnlyForDeploymentPostprocessing = 0;
		};
/* End PBXResourcesBuildPhase section */

/* Begin PBXShellScriptBuildPhase section */
		393D668DBD071BDDF73F5E6A /* [CP] Embed Pods Frameworks */ = {
			isa = PBXShellScriptBuildPhase;
			buildActionMask = 2147483647;
			files = (
			);
			inputFileListPaths = (
				"${PODS_ROOT}/Target Support Files/Pods-CalendarTest/Pods-CalendarTest-frameworks-${CONFIGURATION}-input-files.xcfilelist",
			);
			name = "[CP] Embed Pods Frameworks";
			outputFileListPaths = (
				"${PODS_ROOT}/Target Support Files/Pods-CalendarTest/Pods-CalendarTest-frameworks-${CONFIGURATION}-output-files.xcfilelist",
			);
			runOnlyForDeploymentPostprocessing = 0;
			shellPath = /bin/sh;
			shellScript = "\"${PODS_ROOT}/Target Support Files/Pods-CalendarTest/Pods-CalendarTest-frameworks.sh\"\n";
			showEnvVarsInLog = 0;
		};
		974EBAD02F3F98222B074613 /* [CP] Check Pods Manifest.lock */ = {
			isa = PBXShellScriptBuildPhase;
			buildActionMask = 2147483647;
			files = (
			);
			inputFileListPaths = (
			);
			inputPaths = (
				"${PODS_PODFILE_DIR_PATH}/Podfile.lock",
				"${PODS_ROOT}/Manifest.lock",
			);
			name = "[CP] Check Pods Manifest.lock";
			outputFileListPaths = (
			);
			outputPaths = (
				"$(DERIVED_FILE_DIR)/Pods-CalendarTest-checkManifestLockResult.txt",
			);
			runOnlyForDeploymentPostprocessing = 0;
			shellPath = /bin/sh;
			shellScript = "diff \"${PODS_PODFILE_DIR_PATH}/Podfile.lock\" \"${PODS_ROOT}/Manifest.lock\" > /dev/null\nif [ $? != 0 ] ; then\n    # print error to STDERR\n    echo \"error: The sandbox is not in sync with the Podfile.lock. Run 'pod install' or update your CocoaPods installation.\" >&2\n    exit 1\nfi\n# This output is used by Xcode 'outputs' to avoid re-running this script phase.\necho \"SUCCESS\" > \"${SCRIPT_OUTPUT_FILE_0}\"\n";
			showEnvVarsInLog = 0;
		};
/* End PBXShellScriptBuildPhase section */

/* Begin PBXSourcesBuildPhase section */
		44035F5E2663E23300C810F3 /* Sources */ = {
			isa = PBXSourcesBuildPhase;
			buildActionMask = 2147483647;
			files = (
				447EF6FA2663E45E0020B58B /* CalendarDateCollectionViewCell.swift in Sources */,
				447EF7042663E4E40020B58B /* MonthMetadata.swift in Sources */,
				44035F6A2663E23300C810F3 /* ViewController.swift in Sources */,
				447EF7022663E4D90020B58B /* Day.swift in Sources */,
				44035F662663E23300C810F3 /* AppDelegate.swift in Sources */,
				447EF7002663E46B0020B58B /* CalendarPickerViewController.swift in Sources */,
				44035F682663E23300C810F3 /* SceneDelegate.swift in Sources */,
				447EF6FC2663E4640020B58B /* CalendarPickerFooterView.swift in Sources */,
				447EF6FE2663E4670020B58B /* CalendarPickerHeaderView.swift in Sources */,
			);
			runOnlyForDeploymentPostprocessing = 0;
		};
/* End PBXSourcesBuildPhase section */

/* Begin PBXVariantGroup section */
		44035F6B2663E23300C810F3 /* Main.storyboard */ = {
			isa = PBXVariantGroup;
			children = (
				44035F6C2663E23300C810F3 /* Base */,
			);
			name = Main.storyboard;
			sourceTree = "<group>";
		};
		44035F702663E23400C810F3 /* LaunchScreen.storyboard */ = {
			isa = PBXVariantGroup;
			children = (
				44035F712663E23400C810F3 /* Base */,
			);
			name = LaunchScreen.storyboard;
			sourceTree = "<group>";
		};
/* End PBXVariantGroup section */

/* Begin XCBuildConfiguration section */
		44035F742663E23400C810F3 /* Debug */ = {
			isa = XCBuildConfiguration;
			buildSettings = {
				ALWAYS_SEARCH_USER_PATHS = NO;
				CLANG_ANALYZER_NONNULL = YES;
				CLANG_ANALYZER_NUMBER_OBJECT_CONVERSION = YES_AGGRESSIVE;
				CLANG_CXX_LANGUAGE_STANDARD = "gnu++14";
				CLANG_CXX_LIBRARY = "libc++";
				CLANG_ENABLE_MODULES = YES;
				CLANG_ENABLE_OBJC_ARC = YES;
				CLANG_ENABLE_OBJC_WEAK = YES;
				CLANG_WARN_BLOCK_CAPTURE_AUTORELEASING = YES;
				CLANG_WARN_BOOL_CONVERSION = YES;
				CLANG_WARN_COMMA = YES;
				CLANG_WARN_CONSTANT_CONVERSION = YES;
				CLANG_WARN_DEPRECATED_OBJC_IMPLEMENTATIONS = YES;
				CLANG_WARN_DIRECT_OBJC_ISA_USAGE = YES_ERROR;
				CLANG_WARN_DOCUMENTATION_COMMENTS = YES;
				CLANG_WARN_EMPTY_BODY = YES;
				CLANG_WARN_ENUM_CONVERSION = YES;
				CLANG_WARN_INFINITE_RECURSION = YES;
				CLANG_WARN_INT_CONVERSION = YES;
				CLANG_WARN_NON_LITERAL_NULL_CONVERSION = YES;
				CLANG_WARN_OBJC_IMPLICIT_RETAIN_SELF = YES;
				CLANG_WARN_OBJC_LITERAL_CONVERSION = YES;
				CLANG_WARN_OBJC_ROOT_CLASS = YES_ERROR;
				CLANG_WARN_QUOTED_INCLUDE_IN_FRAMEWORK_HEADER = YES;
				CLANG_WARN_RANGE_LOOP_ANALYSIS = YES;
				CLANG_WARN_STRICT_PROTOTYPES = YES;
				CLANG_WARN_SUSPICIOUS_MOVE = YES;
				CLANG_WARN_UNGUARDED_AVAILABILITY = YES_AGGRESSIVE;
				CLANG_WARN_UNREACHABLE_CODE = YES;
				CLANG_WARN__DUPLICATE_METHOD_MATCH = YES;
				COPY_PHASE_STRIP = NO;
				DEBUG_INFORMATION_FORMAT = dwarf;
				ENABLE_STRICT_OBJC_MSGSEND = YES;
				ENABLE_TESTABILITY = YES;
				GCC_C_LANGUAGE_STANDARD = gnu11;
				GCC_DYNAMIC_NO_PIC = NO;
				GCC_NO_COMMON_BLOCKS = YES;
				GCC_OPTIMIZATION_LEVEL = 0;
				GCC_PREPROCESSOR_DEFINITIONS = (
					"DEBUG=1",
					"$(inherited)",
				);
				GCC_WARN_64_TO_32_BIT_CONVERSION = YES;
				GCC_WARN_ABOUT_RETURN_TYPE = YES_ERROR;
				GCC_WARN_UNDECLARED_SELECTOR = YES;
				GCC_WARN_UNINITIALIZED_AUTOS = YES_AGGRESSIVE;
				GCC_WARN_UNUSED_FUNCTION = YES;
				GCC_WARN_UNUSED_VARIABLE = YES;
				IPHONEOS_DEPLOYMENT_TARGET = 14.5;
				MTL_ENABLE_DEBUG_INFO = INCLUDE_SOURCE;
				MTL_FAST_MATH = YES;
				ONLY_ACTIVE_ARCH = YES;
				SDKROOT = iphoneos;
				SWIFT_ACTIVE_COMPILATION_CONDITIONS = DEBUG;
				SWIFT_OPTIMIZATION_LEVEL = "-Onone";
			};
			name = Debug;
		};
		44035F752663E23400C810F3 /* Release */ = {
			isa = XCBuildConfiguration;
			buildSettings = {
				ALWAYS_SEARCH_USER_PATHS = NO;
				CLANG_ANALYZER_NONNULL = YES;
				CLANG_ANALYZER_NUMBER_OBJECT_CONVERSION = YES_AGGRESSIVE;
				CLANG_CXX_LANGUAGE_STANDARD = "gnu++14";
				CLANG_CXX_LIBRARY = "libc++";
				CLANG_ENABLE_MODULES = YES;
				CLANG_ENABLE_OBJC_ARC = YES;
				CLANG_ENABLE_OBJC_WEAK = YES;
				CLANG_WARN_BLOCK_CAPTURE_AUTORELEASING = YES;
				CLANG_WARN_BOOL_CONVERSION = YES;
				CLANG_WARN_COMMA = YES;
				CLANG_WARN_CONSTANT_CONVERSION = YES;
				CLANG_WARN_DEPRECATED_OBJC_IMPLEMENTATIONS = YES;
				CLANG_WARN_DIRECT_OBJC_ISA_USAGE = YES_ERROR;
				CLANG_WARN_DOCUMENTATION_COMMENTS = YES;
				CLANG_WARN_EMPTY_BODY = YES;
				CLANG_WARN_ENUM_CONVERSION = YES;
				CLANG_WARN_INFINITE_RECURSION = YES;
				CLANG_WARN_INT_CONVERSION = YES;
				CLANG_WARN_NON_LITERAL_NULL_CONVERSION = YES;
				CLANG_WARN_OBJC_IMPLICIT_RETAIN_SELF = YES;
				CLANG_WARN_OBJC_LITERAL_CONVERSION = YES;
				CLANG_WARN_OBJC_ROOT_CLASS = YES_ERROR;
				CLANG_WARN_QUOTED_INCLUDE_IN_FRAMEWORK_HEADER = YES;
				CLANG_WARN_RANGE_LOOP_ANALYSIS = YES;
				CLANG_WARN_STRICT_PROTOTYPES = YES;
				CLANG_WARN_SUSPICIOUS_MOVE = YES;
				CLANG_WARN_UNGUARDED_AVAILABILITY = YES_AGGRESSIVE;
				CLANG_WARN_UNREACHABLE_CODE = YES;
				CLANG_WARN__DUPLICATE_METHOD_MATCH = YES;
				COPY_PHASE_STRIP = NO;
				DEBUG_INFORMATION_FORMAT = "dwarf-with-dsym";
				ENABLE_NS_ASSERTIONS = NO;
				ENABLE_STRICT_OBJC_MSGSEND = YES;
				GCC_C_LANGUAGE_STANDARD = gnu11;
				GCC_NO_COMMON_BLOCKS = YES;
				GCC_WARN_64_TO_32_BIT_CONVERSION = YES;
				GCC_WARN_ABOUT_RETURN_TYPE = YES_ERROR;
				GCC_WARN_UNDECLARED_SELECTOR = YES;
				GCC_WARN_UNINITIALIZED_AUTOS = YES_AGGRESSIVE;
				GCC_WARN_UNUSED_FUNCTION = YES;
				GCC_WARN_UNUSED_VARIABLE = YES;
				IPHONEOS_DEPLOYMENT_TARGET = 14.5;
				MTL_ENABLE_DEBUG_INFO = NO;
				MTL_FAST_MATH = YES;
				SDKROOT = iphoneos;
				SWIFT_COMPILATION_MODE = wholemodule;
				SWIFT_OPTIMIZATION_LEVEL = "-O";
				VALIDATE_PRODUCT = YES;
			};
			name = Release;
		};
		44035F772663E23400C810F3 /* Debug */ = {
			isa = XCBuildConfiguration;
			baseConfigurationReference = 1A9F9905E70C5ECD77A604B4 /* Pods-CalendarTest.debug.xcconfig */;
			buildSettings = {
				ASSETCATALOG_COMPILER_APPICON_NAME = AppIcon;
				ASSETCATALOG_COMPILER_GLOBAL_ACCENT_COLOR_NAME = AccentColor;
				CODE_SIGN_STYLE = Automatic;
				DEVELOPMENT_TEAM = DYVEELC9QZ;
				INFOPLIST_FILE = CalendarTest/Info.plist;
				LD_RUNPATH_SEARCH_PATHS = (
					"$(inherited)",
					"@executable_path/Frameworks",
				);
				PRODUCT_BUNDLE_IDENTIFIER = ashpointltd.CalendarTest;
				PRODUCT_NAME = "$(TARGET_NAME)";
				SWIFT_VERSION = 5.0;
				TARGETED_DEVICE_FAMILY = "1,2";
			};
			name = Debug;
		};
		44035F782663E23400C810F3 /* Release */ = {
			isa = XCBuildConfiguration;
			baseConfigurationReference = C32CA9C5901F356D50B473A3 /* Pods-CalendarTest.release.xcconfig */;
			buildSettings = {
				ASSETCATALOG_COMPILER_APPICON_NAME = AppIcon;
				ASSETCATALOG_COMPILER_GLOBAL_ACCENT_COLOR_NAME = AccentColor;
				CODE_SIGN_STYLE = Automatic;
				DEVELOPMENT_TEAM = DYVEELC9QZ;
				INFOPLIST_FILE = CalendarTest/Info.plist;
				LD_RUNPATH_SEARCH_PATHS = (
					"$(inherited)",
					"@executable_path/Frameworks",
				);
				PRODUCT_BUNDLE_IDENTIFIER = ashpointltd.CalendarTest;
				PRODUCT_NAME = "$(TARGET_NAME)";
				SWIFT_VERSION = 5.0;
				TARGETED_DEVICE_FAMILY = "1,2";
			};
			name = Release;
		};
/* End XCBuildConfiguration section */

/* Begin XCConfigurationList section */
		44035F5D2663E23300C810F3 /* Build configuration list for PBXProject "CalendarTest" */ = {
			isa = XCConfigurationList;
			buildConfigurations = (
				44035F742663E23400C810F3 /* Debug */,
				44035F752663E23400C810F3 /* Release */,
			);
			defaultConfigurationIsVisible = 0;
			defaultConfigurationName = Release;
		};
		44035F762663E23400C810F3 /* Build configuration list for PBXNativeTarget "CalendarTest" */ = {
			isa = XCConfigurationList;
			buildConfigurations = (
				44035F772663E23400C810F3 /* Debug */,
				44035F782663E23400C810F3 /* Release */,
			);
			defaultConfigurationIsVisible = 0;
			defaultConfigurationName = Release;
		};
/* End XCConfigurationList section */
	};
	rootObject = 44035F5A2663E23300C810F3 /* Project object */;
}
